
Microsoft Visual Studio Solution File, Format Version 12.00
# Visual Studio 15
VisualStudioVersion = 15.0.28010.2019
MinimumVisualStudioVersion = 10.0.40219.1
Project("{FAE04EC0-301F-11D3-BF4B-00C04F79EFBC}") = "Basket.Test", "Basket.Test\Basket.Test.csproj", "{DDEE1D9A-3025-48BE-BA97-2CA02D9738A3}"
EndProject
Global
	GlobalSection(SolutionConfigurationPlatforms) = preSolution
		Debug|Any CPU = Debug|Any CPU
		Release|Any CPU = Release|Any CPU
	EndGlobalSection
	GlobalSection(ProjectConfigurationPlatforms) = postSolution
		{DDEE1D9A-3025-48BE-BA97-2CA02D9738A3}.Debug|Any CPU.ActiveCfg = Debug|Any CPU
		{DDEE1D9A-3025-48BE-BA97-2CA02D9738A3}.Debug|Any CPU.Build.0 = Debug|Any CPU
		{DDEE1D9A-3025-48BE-BA97-2CA02D9738A3}.Release|Any CPU.ActiveCfg = Release|Any CPU
		{DDEE1D9A-3025-48BE-BA97-2CA02D9738A3}.Release|Any CPU.Build.0 = Release|Any CPU
	EndGlobalSection
	GlobalSection(SolutionProperties) = preSolution
		HideSolutionNode = FALSE
	EndGlobalSection
	GlobalSection(ExtensibilityGlobals) = postSolution
		SolutionGuid = {756DE61F-2A15-4D90-A2EC-E671B94F8A72}
	EndGlobalSection
EndGlobal
